
Microsoft Visual Studio Solution File, Format Version 12.00
# Visual Studio 15
VisualStudioVersion = 15.0.25428.1
MinimumVisualStudioVersion = 10.0.40219.1
Project("{FAE04EC0-301F-11D3-BF4B-00C04F79EFBC}") = "Veldrid.TextRendering", "Veldrid.TextRendering\Veldrid.TextRendering.csproj", "{E0A90694-83AF-452C-AB89-D211086F9522}"
EndProject
Project("{2150E333-8FDC-42A3-9474-1A3956D46DE8}") = "ext", "ext", "{89522005-03D7-4C03-8004-4A4C8FC9308D}"
EndProject
Project("{FAE04EC0-301F-11D3-BF4B-00C04F79EFBC}") = "SharpFont.NETCore", "..\ext\sharpfont\SharpFont\SharpFont.NETCore.csproj", "{86902911-3DBC-4D5A-809E-92F6A2853F6E}"
EndProject
Project("{FAE04EC0-301F-11D3-BF4B-00C04F79EFBC}") = "Veldrid.TextRendering.Demo", "Veldrid.TextRendering.Demo\Veldrid.TextRendering.Demo.csproj", "{089977F7-2187-408F-AB0C-89650F6CF530}"
EndProject
Project("{FAE04EC0-301F-11D3-BF4B-00C04F79EFBC}") = "Veldrid", "..\ext\veldrid\src\Veldrid\Veldrid.csproj", "{AE9BC745-284F-42F3-8236-C43FF9731DF2}"
EndProject
Global
	GlobalSection(SolutionConfigurationPlatforms) = preSolution
		Debug|Any CPU = Debug|Any CPU
		Debug|x64 = Debug|x64
		OSX_Debug|Any CPU = OSX_Debug|Any CPU
		OSX_Debug|x64 = OSX_Debug|x64
		OSX_Release|Any CPU = OSX_Release|Any CPU
		OSX_Release|x64 = OSX_Release|x64
		Release|Any CPU = Release|Any CPU
		Release|x64 = Release|x64
		Ubuntu_Debug|Any CPU = Ubuntu_Debug|Any CPU
		Ubuntu_Debug|x64 = Ubuntu_Debug|x64
		Ubuntu_Release|Any CPU = Ubuntu_Release|Any CPU
		Ubuntu_Release|x64 = Ubuntu_Release|x64
		Windows_Debug|Any CPU = Windows_Debug|Any CPU
		Windows_Debug|x64 = Windows_Debug|x64
		Windows_Release|Any CPU = Windows_Release|Any CPU
		Windows_Release|x64 = Windows_Release|x64
	EndGlobalSection
	GlobalSection(ProjectConfigurationPlatforms) = postSolution
		{E0A90694-83AF-452C-AB89-D211086F9522}.Debug|Any CPU.ActiveCfg = Debug|Any CPU
		{E0A90694-83AF-452C-AB89-D211086F9522}.Debug|Any CPU.Build.0 = Debug|Any CPU
		{E0A90694-83AF-452C-AB89-D211086F9522}.Debug|x64.ActiveCfg = Debug|Any CPU
		{E0A90694-83AF-452C-AB89-D211086F9522}.Debug|x64.Build.0 = Debug|Any CPU
		{E0A90694-83AF-452C-AB89-D211086F9522}.OSX_Debug|Any CPU.ActiveCfg = Debug|Any CPU
		{E0A90694-83AF-452C-AB89-D211086F9522}.OSX_Debug|Any CPU.Build.0 = Debug|Any CPU
		{E0A90694-83AF-452C-AB89-D211086F9522}.OSX_Debug|x64.ActiveCfg = Debug|Any CPU
		{E0A90694-83AF-452C-AB89-D211086F9522}.OSX_Debug|x64.Build.0 = Debug|Any CPU
		{E0A90694-83AF-452C-AB89-D211086F9522}.OSX_Release|Any CPU.ActiveCfg = Release|Any CPU
		{E0A90694-83AF-452C-AB89-D211086F9522}.OSX_Release|Any CPU.Build.0 = Release|Any CPU
		{E0A90694-83AF-452C-AB89-D211086F9522}.OSX_Release|x64.ActiveCfg = Release|Any CPU
		{E0A90694-83AF-452C-AB89-D211086F9522}.OSX_Release|x64.Build.0 = Release|Any CPU
		{E0A90694-83AF-452C-AB89-D211086F9522}.Release|Any CPU.ActiveCfg = Release|Any CPU
		{E0A90694-83AF-452C-AB89-D211086F9522}.Release|Any CPU.Build.0 = Release|Any CPU
		{E0A90694-83AF-452C-AB89-D211086F9522}.Release|x64.ActiveCfg = Release|Any CPU
		{E0A90694-83AF-452C-AB89-D211086F9522}.Release|x64.Build.0 = Release|Any CPU
		{E0A90694-83AF-452C-AB89-D211086F9522}.Ubuntu_Debug|Any CPU.ActiveCfg = Debug|Any CPU
		{E0A90694-83AF-452C-AB89-D211086F9522}.Ubuntu_Debug|Any CPU.Build.0 = Debug|Any CPU
		{E0A90694-83AF-452C-AB89-D211086F9522}.Ubuntu_Debug|x64.ActiveCfg = Debug|Any CPU
		{E0A90694-83AF-452C-AB89-D211086F9522}.Ubuntu_Debug|x64.Build.0 = Debug|Any CPU
		{E0A90694-83AF-452C-AB89-D211086F9522}.Ubuntu_Release|Any CPU.ActiveCfg = Release|Any CPU
		{E0A90694-83AF-452C-AB89-D211086F9522}.Ubuntu_Release|Any CPU.Build.0 = Release|Any CPU
		{E0A90694-83AF-452C-AB89-D211086F9522}.Ubuntu_Release|x64.ActiveCfg = Release|Any CPU
		{E0A90694-83AF-452C-AB89-D211086F9522}.Ubuntu_Release|x64.Build.0 = Release|Any CPU
		{E0A90694-83AF-452C-AB89-D211086F9522}.Windows_Debug|Any CPU.ActiveCfg = Debug|Any CPU
		{E0A90694-83AF-452C-AB89-D211086F9522}.Windows_Debug|Any CPU.Build.0 = Debug|Any CPU
		{E0A90694-83AF-452C-AB89-D211086F9522}.Windows_Debug|x64.ActiveCfg = Debug|Any CPU
		{E0A90694-83AF-452C-AB89-D211086F9522}.Windows_Debug|x64.Build.0 = Debug|Any CPU
		{E0A90694-83AF-452C-AB89-D211086F9522}.Windows_Release|Any CPU.ActiveCfg = Release|Any CPU
		{E0A90694-83AF-452C-AB89-D211086F9522}.Windows_Release|Any CPU.Build.0 = Release|Any CPU
		{E0A90694-83AF-452C-AB89-D211086F9522}.Windows_Release|x64.ActiveCfg = Release|Any CPU
		{E0A90694-83AF-452C-AB89-D211086F9522}.Windows_Release|x64.Build.0 = Release|Any CPU
		{86902911-3DBC-4D5A-809E-92F6A2853F6E}.Debug|Any CPU.ActiveCfg = Debug|Any CPU
		{86902911-3DBC-4D5A-809E-92F6A2853F6E}.Debug|Any CPU.Build.0 = Debug|Any CPU
		{86902911-3DBC-4D5A-809E-92F6A2853F6E}.Debug|x64.ActiveCfg = Debug|Any CPU
		{86902911-3DBC-4D5A-809E-92F6A2853F6E}.Debug|x64.Build.0 = Debug|Any CPU
		{86902911-3DBC-4D5A-809E-92F6A2853F6E}.OSX_Debug|Any CPU.ActiveCfg = Debug|Any CPU
		{86902911-3DBC-4D5A-809E-92F6A2853F6E}.OSX_Debug|Any CPU.Build.0 = Debug|Any CPU
		{86902911-3DBC-4D5A-809E-92F6A2853F6E}.OSX_Debug|x64.ActiveCfg = Debug|Any CPU
		{86902911-3DBC-4D5A-809E-92F6A2853F6E}.OSX_Debug|x64.Build.0 = Debug|Any CPU
		{86902911-3DBC-4D5A-809E-92F6A2853F6E}.OSX_Release|Any CPU.ActiveCfg = Release|Any CPU
		{86902911-3DBC-4D5A-809E-92F6A2853F6E}.OSX_Release|Any CPU.Build.0 = Release|Any CPU
		{86902911-3DBC-4D5A-809E-92F6A2853F6E}.OSX_Release|x64.ActiveCfg = Release|Any CPU
		{86902911-3DBC-4D5A-809E-92F6A2853F6E}.OSX_Release|x64.Build.0 = Release|Any CPU
		{86902911-3DBC-4D5A-809E-92F6A2853F6E}.Release|Any CPU.ActiveCfg = Release|Any CPU
		{86902911-3DBC-4D5A-809E-92F6A2853F6E}.Release|Any CPU.Build.0 = Release|Any CPU
		{86902911-3DBC-4D5A-809E-92F6A2853F6E}.Release|x64.ActiveCfg = Release|Any CPU
		{86902911-3DBC-4D5A-809E-92F6A2853F6E}.Release|x64.Build.0 = Release|Any CPU
		{86902911-3DBC-4D5A-809E-92F6A2853F6E}.Ubuntu_Debug|Any CPU.ActiveCfg = Debug|Any CPU
		{86902911-3DBC-4D5A-809E-92F6A2853F6E}.Ubuntu_Debug|Any CPU.Build.0 = Debug|Any CPU
		{86902911-3DBC-4D5A-809E-92F6A2853F6E}.Ubuntu_Debug|x64.ActiveCfg = Debug|Any CPU
		{86902911-3DBC-4D5A-809E-92F6A2853F6E}.Ubuntu_Debug|x64.Build.0 = Debug|Any CPU
		{86902911-3DBC-4D5A-809E-92F6A2853F6E}.Ubuntu_Release|Any CPU.ActiveCfg = Release|Any CPU
		{86902911-3DBC-4D5A-809E-92F6A2853F6E}.Ubuntu_Release|Any CPU.Build.0 = Release|Any CPU
		{86902911-3DBC-4D5A-809E-92F6A2853F6E}.Ubuntu_Release|x64.ActiveCfg = Release|Any CPU
		{86902911-3DBC-4D5A-809E-92F6A2853F6E}.Ubuntu_Release|x64.Build.0 = Release|Any CPU
		{86902911-3DBC-4D5A-809E-92F6A2853F6E}.Windows_Debug|Any CPU.ActiveCfg = Debug|Any CPU
		{86902911-3DBC-4D5A-809E-92F6A2853F6E}.Windows_Debug|Any CPU.Build.0 = Debug|Any CPU
		{86902911-3DBC-4D5A-809E-92F6A2853F6E}.Windows_Debug|x64.ActiveCfg = Debug|Any CPU
		{86902911-3DBC-4D5A-809E-92F6A2853F6E}.Windows_Debug|x64.Build.0 = Debug|Any CPU
		{86902911-3DBC-4D5A-809E-92F6A2853F6E}.Windows_Release|Any CPU.ActiveCfg = Release|Any CPU
		{86902911-3DBC-4D5A-809E-92F6A2853F6E}.Windows_Release|Any CPU.Build.0 = Release|Any CPU
		{86902911-3DBC-4D5A-809E-92F6A2853F6E}.Windows_Release|x64.ActiveCfg = Release|Any CPU
		{86902911-3DBC-4D5A-809E-92F6A2853F6E}.Windows_Release|x64.Build.0 = Release|Any CPU
		{089977F7-2187-408F-AB0C-89650F6CF530}.Debug|Any CPU.ActiveCfg = OSX_Release|x64
		{089977F7-2187-408F-AB0C-89650F6CF530}.Debug|Any CPU.Build.0 = OSX_Release|x64
		{089977F7-2187-408F-AB0C-89650F6CF530}.Debug|x64.ActiveCfg = OSX_Debug|x64
		{089977F7-2187-408F-AB0C-89650F6CF530}.Debug|x64.Build.0 = OSX_Debug|x64
		{089977F7-2187-408F-AB0C-89650F6CF530}.OSX_Debug|Any CPU.ActiveCfg = OSX_Debug|x64
		{089977F7-2187-408F-AB0C-89650F6CF530}.OSX_Debug|x64.ActiveCfg = OSX_Debug|x64
		{089977F7-2187-408F-AB0C-89650F6CF530}.OSX_Debug|x64.Build.0 = OSX_Debug|x64
		{089977F7-2187-408F-AB0C-89650F6CF530}.OSX_Release|Any CPU.ActiveCfg = OSX_Release|x64
		{089977F7-2187-408F-AB0C-89650F6CF530}.OSX_Release|x64.ActiveCfg = OSX_Release|x64
		{089977F7-2187-408F-AB0C-89650F6CF530}.OSX_Release|x64.Build.0 = OSX_Release|x64
		{089977F7-2187-408F-AB0C-89650F6CF530}.Release|Any CPU.ActiveCfg = OSX_Release|x64
		{089977F7-2187-408F-AB0C-89650F6CF530}.Release|Any CPU.Build.0 = OSX_Release|x64
		{089977F7-2187-408F-AB0C-89650F6CF530}.Release|x64.ActiveCfg = OSX_Release|x64
		{089977F7-2187-408F-AB0C-89650F6CF530}.Release|x64.Build.0 = OSX_Release|x64
		{089977F7-2187-408F-AB0C-89650F6CF530}.Ubuntu_Debug|Any CPU.ActiveCfg = Ubuntu_Debug|x64
		{089977F7-2187-408F-AB0C-89650F6CF530}.Ubuntu_Debug|x64.ActiveCfg = Ubuntu_Debug|x64
		{089977F7-2187-408F-AB0C-89650F6CF530}.Ubuntu_Debug|x64.Build.0 = Ubuntu_Debug|x64
		{089977F7-2187-408F-AB0C-89650F6CF530}.Ubuntu_Release|Any CPU.ActiveCfg = Ubuntu_Release|x64
		{089977F7-2187-408F-AB0C-89650F6CF530}.Ubuntu_Release|x64.ActiveCfg = Ubuntu_Release|x64
		{089977F7-2187-408F-AB0C-89650F6CF530}.Ubuntu_Release|x64.Build.0 = Ubuntu_Release|x64
		{089977F7-2187-408F-AB0C-89650F6CF530}.Windows_Debug|Any CPU.ActiveCfg = Windows_Debug|x64
		{089977F7-2187-408F-AB0C-89650F6CF530}.Windows_Debug|x64.ActiveCfg = Windows_Debug|x64
		{089977F7-2187-408F-AB0C-89650F6CF530}.Windows_Debug|x64.Build.0 = Windows_Debug|x64
		{089977F7-2187-408F-AB0C-89650F6CF530}.Windows_Release|Any CPU.ActiveCfg = Windows_Release|x64
		{089977F7-2187-408F-AB0C-89650F6CF530}.Windows_Release|x64.ActiveCfg = Windows_Release|x64
		{089977F7-2187-408F-AB0C-89650F6CF530}.Windows_Release|x64.Build.0 = Windows_Release|x64
		{AE9BC745-284F-42F3-8236-C43FF9731DF2}.Debug|Any CPU.ActiveCfg = Debug|Any CPU
		{AE9BC745-284F-42F3-8236-C43FF9731DF2}.Debug|Any CPU.Build.0 = Debug|Any CPU
		{AE9BC745-284F-42F3-8236-C43FF9731DF2}.Debug|x64.ActiveCfg = Debug|Any CPU
		{AE9BC745-284F-42F3-8236-C43FF9731DF2}.Debug|x64.Build.0 = Debug|Any CPU
		{AE9BC745-284F-42F3-8236-C43FF9731DF2}.OSX_Debug|Any CPU.ActiveCfg = Debug|Any CPU
		{AE9BC745-284F-42F3-8236-C43FF9731DF2}.OSX_Debug|Any CPU.Build.0 = Debug|Any CPU
		{AE9BC745-284F-42F3-8236-C43FF9731DF2}.OSX_Debug|x64.ActiveCfg = Debug|Any CPU
		{AE9BC745-284F-42F3-8236-C43FF9731DF2}.OSX_Debug|x64.Build.0 = Debug|Any CPU
		{AE9BC745-284F-42F3-8236-C43FF9731DF2}.OSX_Release|Any CPU.ActiveCfg = Release|Any CPU
		{AE9BC745-284F-42F3-8236-C43FF9731DF2}.OSX_Release|Any CPU.Build.0 = Release|Any CPU
		{AE9BC745-284F-42F3-8236-C43FF9731DF2}.OSX_Release|x64.ActiveCfg = Release|Any CPU
		{AE9BC745-284F-42F3-8236-C43FF9731DF2}.OSX_Release|x64.Build.0 = Release|Any CPU
		{AE9BC745-284F-42F3-8236-C43FF9731DF2}.Release|Any CPU.ActiveCfg = Release|Any CPU
		{AE9BC745-284F-42F3-8236-C43FF9731DF2}.Release|Any CPU.Build.0 = Release|Any CPU
		{AE9BC745-284F-42F3-8236-C43FF9731DF2}.Release|x64.ActiveCfg = Release|Any CPU
		{AE9BC745-284F-42F3-8236-C43FF9731DF2}.Release|x64.Build.0 = Release|Any CPU
		{AE9BC745-284F-42F3-8236-C43FF9731DF2}.Ubuntu_Debug|Any CPU.ActiveCfg = Debug|Any CPU
		{AE9BC745-284F-42F3-8236-C43FF9731DF2}.Ubuntu_Debug|Any CPU.Build.0 = Debug|Any CPU
		{AE9BC745-284F-42F3-8236-C43FF9731DF2}.Ubuntu_Debug|x64.ActiveCfg = Debug|Any CPU
		{AE9BC745-284F-42F3-8236-C43FF9731DF2}.Ubuntu_Debug|x64.Build.0 = Debug|Any CPU
		{AE9BC745-284F-42F3-8236-C43FF9731DF2}.Ubuntu_Release|Any CPU.ActiveCfg = Release|Any CPU
		{AE9BC745-284F-42F3-8236-C43FF9731DF2}.Ubuntu_Release|Any CPU.Build.0 = Release|Any CPU
		{AE9BC745-284F-42F3-8236-C43FF9731DF2}.Ubuntu_Release|x64.ActiveCfg = Release|Any CPU
		{AE9BC745-284F-42F3-8236-C43FF9731DF2}.Ubuntu_Release|x64.Build.0 = Release|Any CPU
		{AE9BC745-284F-42F3-8236-C43FF9731DF2}.Windows_Debug|Any CPU.ActiveCfg = Debug|Any CPU
		{AE9BC745-284F-42F3-8236-C43FF9731DF2}.Windows_Debug|Any CPU.Build.0 = Debug|Any CPU
		{AE9BC745-284F-42F3-8236-C43FF9731DF2}.Windows_Debug|x64.ActiveCfg = Debug|Any CPU
		{AE9BC745-284F-42F3-8236-C43FF9731DF2}.Windows_Debug|x64.Build.0 = Debug|Any CPU
		{AE9BC745-284F-42F3-8236-C43FF9731DF2}.Windows_Release|Any CPU.ActiveCfg = Release|Any CPU
		{AE9BC745-284F-42F3-8236-C43FF9731DF2}.Windows_Release|Any CPU.Build.0 = Release|Any CPU
		{AE9BC745-284F-42F3-8236-C43FF9731DF2}.Windows_Release|x64.ActiveCfg = Release|Any CPU
		{AE9BC745-284F-42F3-8236-C43FF9731DF2}.Windows_Release|x64.Build.0 = Release|Any CPU
	EndGlobalSection
	GlobalSection(SolutionProperties) = preSolution
		HideSolutionNode = FALSE
	EndGlobalSection
	GlobalSection(NestedProjects) = preSolution
		{86902911-3DBC-4D5A-809E-92F6A2853F6E} = {89522005-03D7-4C03-8004-4A4C8FC9308D}
		{AE9BC745-284F-42F3-8236-C43FF9731DF2} = {89522005-03D7-4C03-8004-4A4C8FC9308D}
	EndGlobalSection
EndGlobal
